
Microsoft Visual Studio Solution File, Format Version 12.00
# Visual Studio Version 16
VisualStudioVersion = 16.0.30621.155
MinimumVisualStudioVersion = 10.0.40219.1
Project("{FAE04EC0-301F-11D3-BF4B-00C04F79EFBC}") = "WP_2020_01_HW01_3A713135", "WP_2020_01_HW01_3A713135\WP_2020_01_HW01_3A713135.csproj", "{44D882EE-01CE-4E74-9077-58D662B79446}"
EndProject
Global
	GlobalSection(SolutionConfigurationPlatforms) = preSolution
		Debug|Any CPU = Debug|Any CPU
		Release|Any CPU = Release|Any CPU
	EndGlobalSection
	GlobalSection(ProjectConfigurationPlatforms) = postSolution
		{44D882EE-01CE-4E74-9077-58D662B79446}.Debug|Any CPU.ActiveCfg = Debug|Any CPU
		{44D882EE-01CE-4E74-9077-58D662B79446}.Debug|Any CPU.Build.0 = Debug|Any CPU
		{44D882EE-01CE-4E74-9077-58D662B79446}.Release|Any CPU.ActiveCfg = Release|Any CPU
		{44D882EE-01CE-4E74-9077-58D662B79446}.Release|Any CPU.Build.0 = Release|Any CPU
	EndGlobalSection
	GlobalSection(SolutionProperties) = preSolution
		HideSolutionNode = FALSE
	EndGlobalSection
	GlobalSection(ExtensibilityGlobals) = postSolution
		SolutionGuid = {77466A83-AC95-4E88-A361-2A4189596F28}
	EndGlobalSection
EndGlobal
